
Microsoft Visual Studio Solution File, Format Version 12.00
# Visual Studio Version 16
VisualStudioVersion = 16.0.29519.181
MinimumVisualStudioVersion = 10.0.40219.1
Project("{9A19103F-16F7-4668-BE54-9A1E7A4F7556}") = "webapp", "webapp\webapp.csproj", "{A28F8BF4-0495-4F82-9E74-24CEF74E0845}"
EndProject
Project("{E53339B2-1760-4266-BCC7-CA923CBCF16C}") = "docker-compose", "docker-compose.dcproj", "{797721FD-12AE-419A-852E-C33362026D29}"
EndProject
Project("{888888A0-9F3D-457C-B088-3A5042F75D52}") = "orbackend", "orbackend\orbackend.pyproj", "{6EA71555-7025-4C6E-9B09-BE66BDCC9167}"
EndProject
Global
	GlobalSection(SolutionConfigurationPlatforms) = preSolution
		Debug|Any CPU = Debug|Any CPU
		Release|Any CPU = Release|Any CPU
	EndGlobalSection
	GlobalSection(ProjectConfigurationPlatforms) = postSolution
		{A28F8BF4-0495-4F82-9E74-24CEF74E0845}.Debug|Any CPU.ActiveCfg = Debug|Any CPU
		{A28F8BF4-0495-4F82-9E74-24CEF74E0845}.Debug|Any CPU.Build.0 = Debug|Any CPU
		{A28F8BF4-0495-4F82-9E74-24CEF74E0845}.Release|Any CPU.ActiveCfg = Release|Any CPU
		{A28F8BF4-0495-4F82-9E74-24CEF74E0845}.Release|Any CPU.Build.0 = Release|Any CPU
		{797721FD-12AE-419A-852E-C33362026D29}.Debug|Any CPU.ActiveCfg = Debug|Any CPU
		{797721FD-12AE-419A-852E-C33362026D29}.Debug|Any CPU.Build.0 = Debug|Any CPU
		{797721FD-12AE-419A-852E-C33362026D29}.Release|Any CPU.ActiveCfg = Release|Any CPU
		{797721FD-12AE-419A-852E-C33362026D29}.Release|Any CPU.Build.0 = Release|Any CPU
		{6EA71555-7025-4C6E-9B09-BE66BDCC9167}.Debug|Any CPU.ActiveCfg = Debug|Any CPU
		{6EA71555-7025-4C6E-9B09-BE66BDCC9167}.Release|Any CPU.ActiveCfg = Release|Any CPU
	EndGlobalSection
	GlobalSection(SolutionProperties) = preSolution
		HideSolutionNode = FALSE
	EndGlobalSection
	GlobalSection(ExtensibilityGlobals) = postSolution
		SolutionGuid = {E74D416F-3664-4CDF-BFB4-1280BDA8C5A2}
	EndGlobalSection
EndGlobal
